
Microsoft Visual Studio Solution File, Format Version 12.00
# Visual Studio Version 17
VisualStudioVersion = 17.11.35312.102
MinimumVisualStudioVersion = 10.0.40219.1
Project("{2150E333-8FDC-42A3-9474-1A3956D46DE8}") = "Bootstrapper", "Bootstrapper", "{F82A0BA7-131E-4ED2-92AE-BC97B3308914}"
EndProject
Project("{2150E333-8FDC-42A3-9474-1A3956D46DE8}") = "Modules", "Modules", "{B629E2EC-DF86-4515-BB0B-D8F5304D1B17}"
EndProject
Project("{2150E333-8FDC-42A3-9474-1A3956D46DE8}") = "Shared", "Shared", "{8E1B9ECF-FF45-43A2-A283-568214A6387A}"
EndProject
Project("{9A19103F-16F7-4668-BE54-9A1E7A4F7556}") = "Api", "Bootstrapper\Api\Api.csproj", "{856DF6F2-EE95-4297-9759-7E5B3D4B2DD0}"
EndProject
Project("{2150E333-8FDC-42A3-9474-1A3956D46DE8}") = "Catalog", "Catalog", "{5A5508BA-4F34-4FA3-9F0F-00A167602793}"
EndProject
Project("{2150E333-8FDC-42A3-9474-1A3956D46DE8}") = "Basket", "Basket", "{409F29E9-A60B-4878-A626-67AA3A60F635}"
EndProject
Project("{2150E333-8FDC-42A3-9474-1A3956D46DE8}") = "Ordering", "Ordering", "{4582A8ED-2367-4C64-98CF-294DCF73F249}"
EndProject
Project("{9A19103F-16F7-4668-BE54-9A1E7A4F7556}") = "Catalog", "Modules\Catalog\Catalog\Catalog.csproj", "{9F8EA71D-C1C5-4E1B-931B-5A73DDD0FC61}"
EndProject
Project("{9A19103F-16F7-4668-BE54-9A1E7A4F7556}") = "Basket", "Modules\Basket\Basket\Basket.csproj", "{1260A0F9-4050-48E9-AED9-60F9A62F5F78}"
EndProject
Project("{9A19103F-16F7-4668-BE54-9A1E7A4F7556}") = "Ordering", "Modules\Ordering\Ordering\Ordering.csproj", "{4842BFCB-8533-450E-814A-F06800CFE7C2}"
EndProject
Project("{9A19103F-16F7-4668-BE54-9A1E7A4F7556}") = "Shared", "Shared\Shared\Shared.csproj", "{913B336B-A061-482C-AA6F-37549604CFFA}"
EndProject
Project("{E53339B2-1760-4266-BCC7-CA923CBCF16C}") = "docker-compose", "docker-compose.dcproj", "{4EEF1D40-0786-42CF-B2DD-240DDB00254B}"
EndProject
Global
	GlobalSection(SolutionConfigurationPlatforms) = preSolution
		Debug|Any CPU = Debug|Any CPU
		Release|Any CPU = Release|Any CPU
	EndGlobalSection
	GlobalSection(ProjectConfigurationPlatforms) = postSolution
		{856DF6F2-EE95-4297-9759-7E5B3D4B2DD0}.Debug|Any CPU.ActiveCfg = Debug|Any CPU
		{856DF6F2-EE95-4297-9759-7E5B3D4B2DD0}.Debug|Any CPU.Build.0 = Debug|Any CPU
		{856DF6F2-EE95-4297-9759-7E5B3D4B2DD0}.Release|Any CPU.ActiveCfg = Release|Any CPU
		{856DF6F2-EE95-4297-9759-7E5B3D4B2DD0}.Release|Any CPU.Build.0 = Release|Any CPU
		{9F8EA71D-C1C5-4E1B-931B-5A73DDD0FC61}.Debug|Any CPU.ActiveCfg = Debug|Any CPU
		{9F8EA71D-C1C5-4E1B-931B-5A73DDD0FC61}.Debug|Any CPU.Build.0 = Debug|Any CPU
		{9F8EA71D-C1C5-4E1B-931B-5A73DDD0FC61}.Release|Any CPU.ActiveCfg = Release|Any CPU
		{9F8EA71D-C1C5-4E1B-931B-5A73DDD0FC61}.Release|Any CPU.Build.0 = Release|Any CPU
		{1260A0F9-4050-48E9-AED9-60F9A62F5F78}.Debug|Any CPU.ActiveCfg = Debug|Any CPU
		{1260A0F9-4050-48E9-AED9-60F9A62F5F78}.Debug|Any CPU.Build.0 = Debug|Any CPU
		{1260A0F9-4050-48E9-AED9-60F9A62F5F78}.Release|Any CPU.ActiveCfg = Release|Any CPU
		{1260A0F9-4050-48E9-AED9-60F9A62F5F78}.Release|Any CPU.Build.0 = Release|Any CPU
		{4842BFCB-8533-450E-814A-F06800CFE7C2}.Debug|Any CPU.ActiveCfg = Debug|Any CPU
		{4842BFCB-8533-450E-814A-F06800CFE7C2}.Debug|Any CPU.Build.0 = Debug|Any CPU
		{4842BFCB-8533-450E-814A-F06800CFE7C2}.Release|Any CPU.ActiveCfg = Release|Any CPU
		{4842BFCB-8533-450E-814A-F06800CFE7C2}.Release|Any CPU.Build.0 = Release|Any CPU
		{913B336B-A061-482C-AA6F-37549604CFFA}.Debug|Any CPU.ActiveCfg = Debug|Any CPU
		{913B336B-A061-482C-AA6F-37549604CFFA}.Debug|Any CPU.Build.0 = Debug|Any CPU
		{913B336B-A061-482C-AA6F-37549604CFFA}.Release|Any CPU.ActiveCfg = Release|Any CPU
		{913B336B-A061-482C-AA6F-37549604CFFA}.Release|Any CPU.Build.0 = Release|Any CPU
		{4EEF1D40-0786-42CF-B2DD-240DDB00254B}.Debug|Any CPU.ActiveCfg = Debug|Any CPU
		{4EEF1D40-0786-42CF-B2DD-240DDB00254B}.Debug|Any CPU.Build.0 = Debug|Any CPU
		{4EEF1D40-0786-42CF-B2DD-240DDB00254B}.Release|Any CPU.ActiveCfg = Release|Any CPU
		{4EEF1D40-0786-42CF-B2DD-240DDB00254B}.Release|Any CPU.Build.0 = Release|Any CPU
	EndGlobalSection
	GlobalSection(SolutionProperties) = preSolution
		HideSolutionNode = FALSE
	EndGlobalSection
	GlobalSection(NestedProjects) = preSolution
		{856DF6F2-EE95-4297-9759-7E5B3D4B2DD0} = {F82A0BA7-131E-4ED2-92AE-BC97B3308914}
		{5A5508BA-4F34-4FA3-9F0F-00A167602793} = {B629E2EC-DF86-4515-BB0B-D8F5304D1B17}
		{409F29E9-A60B-4878-A626-67AA3A60F635} = {B629E2EC-DF86-4515-BB0B-D8F5304D1B17}
		{4582A8ED-2367-4C64-98CF-294DCF73F249} = {B629E2EC-DF86-4515-BB0B-D8F5304D1B17}
		{9F8EA71D-C1C5-4E1B-931B-5A73DDD0FC61} = {5A5508BA-4F34-4FA3-9F0F-00A167602793}
		{1260A0F9-4050-48E9-AED9-60F9A62F5F78} = {409F29E9-A60B-4878-A626-67AA3A60F635}
		{4842BFCB-8533-450E-814A-F06800CFE7C2} = {4582A8ED-2367-4C64-98CF-294DCF73F249}
		{913B336B-A061-482C-AA6F-37549604CFFA} = {8E1B9ECF-FF45-43A2-A283-568214A6387A}
	EndGlobalSection
	GlobalSection(ExtensibilityGlobals) = postSolution
		SolutionGuid = {98E8FEBB-7C47-45A4-9099-FD5B02C2BDBF}
	EndGlobalSection
EndGlobal
